// !$*UTF8*$!
{
	archiveVersion = 1;
	classes = {
	};
	objectVersion = 46;
	objects = {

/* Begin PBXBuildFile section */
		405EF0321F1DB13300203E9C /* AppDelegate.swift in Sources */ = {isa = PBXBuildFile; fileRef = 405EF0311F1DB13300203E9C /* AppDelegate.swift */; };
		405EF0341F1DB13300203E9C /* ViewController.swift in Sources */ = {isa = PBXBuildFile; fileRef = 405EF0331F1DB13300203E9C /* ViewController.swift */; };
		405EF0371F1DB13300203E9C /* Main.storyboard in Resources */ = {isa = PBXBuildFile; fileRef = 405EF0351F1DB13300203E9C /* Main.storyboard */; };
		405EF0391F1DB13300203E9C /* Assets.xcassets in Resources */ = {isa = PBXBuildFile; fileRef = 405EF0381F1DB13300203E9C /* Assets.xcassets */; };
		405EF03C1F1DB13300203E9C /* LaunchScreen.storyboard in Resources */ = {isa = PBXBuildFile; fileRef = 405EF03A1F1DB13300203E9C /* LaunchScreen.storyboard */; };
/* End PBXBuildFile section */

/* Begin PBXFileReference section */
		405EF02E1F1DB13200203E9C /* XMessage.app */ = {isa = PBXFileReference; explicitFileType = wrapper.application; includeInIndex = 0; path = XMessage.app; sourceTree = BUILT_PRODUCTS_DIR; };
		405EF0311F1DB13300203E9C /* AppDelegate.swift */ = {isa = PBXFileReference; lastKnownFileType = sourcecode.swift; path = AppDelegate.swift; sourceTree = "<group>"; };
		405EF0331F1DB13300203E9C /* ViewController.swift */ = {isa = PBXFileReference; lastKnownFileType = sourcecode.swift; path = ViewController.swift; sourceTree = "<group>"; };
		405EF0361F1DB13300203E9C /* Base */ = {isa = PBXFileReference; lastKnownFileType = file.storyboard; name = Base; path = Base.lproj/Main.storyboard; sourceTree = "<group>"; };
		405EF0381F1DB13300203E9C /* Assets.xcassets */ = {isa = PBXFileReference; lastKnownFileType = folder.assetcatalog; path = Assets.xcassets; sourceTree = "<group>"; };
		405EF03B1F1DB13300203E9C /* Base */ = {isa = PBXFileReference; lastKnownFileType = file.storyboard; name = Base; path = Base.lproj/LaunchScreen.storyboard; sourceTree = "<group>"; };
		405EF03D1F1DB13300203E9C /* Info.plist */ = {isa = PBXFileReference; lastKnownFileType = text.plist.xml; path = Info.plist; sourceTree = "<group>"; };
/* End PBXFileReference section */

/* Begin PBXFrameworksBuildPhase section */
		405EF02B1F1DB13200203E9C /* Frameworks */ = {
			isa = PBXFrameworksBuildPhase;
			buildActionMask = 2147483647;
			files = (
			);
			runOnlyForDeploymentPostprocessing = 0;
		};
/* End PBXFrameworksBuildPhase section */

/* Begin PBXGroup section */
		405EF0251F1DB13200203E9C = {
			isa = PBXGroup;
			children = (
				405EF0301F1DB13200203E9C /* XMessage */,
				405EF02F1F1DB13200203E9C /* Products */,
			);
			sourceTree = "<group>";
		};
		405EF02F1F1DB13200203E9C /* Products */ = {
			isa = PBXGroup;
			children = (
				405EF02E1F1DB13200203E9C /* XMessage.app */,
			);
			name = Products;
			sourceTree = "<group>";
		};
		405EF0301F1DB13200203E9C /* XMessage */ = {
			isa = PBXGroup;
			children = (
				405EF0311F1DB13300203E9C /* AppDelegate.swift */,
				405EF0331F1DB13300203E9C /* ViewController.swift */,
				405EF0351F1DB13300203E9C /* Main.storyboard */,
				405EF0381F1DB13300203E9C /* Assets.xcassets */,
				405EF03A1F1DB13300203E9C /* LaunchScreen.storyboard */,
				405EF03D1F1DB13300203E9C /* Info.plist */,
			);
			path = XMessage;
			sourceTree = "<group>";
		};
/* End PBXGroup section */

/* Begin PBXNativeTarget section */
		405EF02D1F1DB13200203E9C /* XMessage */ = {
			isa = PBXNativeTarget;
			buildConfigurationList = 405EF0401F1DB13300203E9C /* Build configuration list for PBXNativeTarget "XMessage" */;
			buildPhases = (
				405EF02A1F1DB13200203E9C /* Sources */,
				405EF02B1F1DB13200203E9C /* Frameworks */,
				405EF02C1F1DB13200203E9C /* Resources */,
			);
			buildRules = (
			);
			dependencies = (
			);
			name = XMessage;
			productName = XMessage;
			productReference = 405EF02E1F1DB13200203E9C /* XMessage.app */;
			productType = "com.apple.product-type.application";
		};
/* End PBXNativeTarget section */

/* Begin PBXProject section */
		405EF0261F1DB13200203E9C /* Project object */ = {
			isa = PBXProject;
			attributes = {
				LastSwiftUpdateCheck = 0830;
				LastUpgradeCheck = 0830;
				ORGANIZATIONNAME = MasB1ue;
				TargetAttributes = {
					405EF02D1F1DB13200203E9C = {
						CreatedOnToolsVersion = 8.3.3;
						DevelopmentTeam = JE3XA243B8;
						ProvisioningStyle = Automatic;
					};
				};
			};
			buildConfigurationList = 405EF0291F1DB13200203E9C /* Build configuration list for PBXProject "XMessage" */;
			compatibilityVersion = "Xcode 3.2";
			developmentRegion = English;
			hasScannedForEncodings = 0;
			knownRegions = (
				en,
				Base,
			);
			mainGroup = 405EF0251F1DB13200203E9C;
			productRefGroup = 405EF02F1F1DB13200203E9C /* Products */;
			projectDirPath = "";
			projectRoot = "";
			targets = (
				405EF02D1F1DB13200203E9C /* XMessage */,
			);
		};
/* End PBXProject section */

/* Begin PBXResourcesBuildPhase section */
		405EF02C1F1DB13200203E9C /* Resources */ = {
			isa = PBXResourcesBuildPhase;
			buildActionMask = 2147483647;
			files = (
				405EF03C1F1DB13300203E9C /* LaunchScreen.storyboard in Resources */,
				405EF0391F1DB13300203E9C /* Assets.xcassets in Resources */,
				405EF0371F1DB13300203E9C /* Main.storyboard in Resources */,
			);
			runOnlyForDeploymentPostprocessing = 0;
		};
/* End PBXResourcesBuildPhase section */

/* Begin PBXSourcesBuildPhase section */
		405EF02A1F1DB13200203E9C /* Sources */ = {
			isa = PBXSourcesBuildPhase;
			buildActionMask = 2147483647;
			files = (
				405EF0341F1DB13300203E9C /* ViewController.swift in Sources */,
				405EF0321F1DB13300203E9C /* AppDelegate.swift in Sources */,
			);
			runOnlyForDeploymentPostprocessing = 0;
		};
/* End PBXSourcesBuildPhase section */

/* Begin PBXVariantGroup section */
		405EF0351F1DB13300203E9C /* Main.storyboard */ = {
			isa = PBXVariantGroup;
			children = (
				405EF0361F1DB13300203E9C /* Base */,
			);
			name = Main.storyboard;
			sourceTree = "<group>";
		};
		405EF03A1F1DB13300203E9C /* LaunchScreen.storyboard */ = {
			isa = PBXVariantGroup;
			children = (
				405EF03B1F1DB13300203E9C /* Base */,
			);
			name = LaunchScreen.storyboard;
			sourceTree = "<group>";
		};
/* End PBXVariantGroup section */

/* Begin XCBuildConfiguration section */
		405EF03E1F1DB13300203E9C /* Debug */ = {
			isa = XCBuildConfiguration;
			buildSettings = {
				ALWAYS_SEARCH_USER_PATHS = NO;
				CLANG_ANALYZER_NONNULL = YES;
				CLANG_ANALYZER_NUMBER_OBJECT_CONVERSION = YES_AGGRESSIVE;
				CLANG_CXX_LANGUAGE_STANDARD = "gnu++0x";
				CLANG_CXX_LIBRARY = "libc++";
				CLANG_ENABLE_MODULES = YES;
				CLANG_ENABLE_OBJC_ARC = YES;
				CLANG_WARN_BOOL_CONVERSION = YES;
				CLANG_WARN_CONSTANT_CONVERSION = YES;
				CLANG_WARN_DIRECT_OBJC_ISA_USAGE = YES_ERROR;
				CLANG_WARN_DOCUMENTATION_COMMENTS = YES;
				CLANG_WARN_EMPTY_BODY = YES;
				CLANG_WARN_ENUM_CONVERSION = YES;
				CLANG_WARN_INFINITE_RECURSION = YES;
				CLANG_WARN_INT_CONVERSION = YES;
				CLANG_WARN_OBJC_ROOT_CLASS = YES_ERROR;
				CLANG_WARN_SUSPICIOUS_MOVE = YES;
				CLANG_WARN_UNREACHABLE_CODE = YES;
				CLANG_WARN__DUPLICATE_METHOD_MATCH = YES;
				"CODE_SIGN_IDENTITY[sdk=iphoneos*]" = "iPhone Developer";
				COPY_PHASE_STRIP = NO;
				DEBUG_INFORMATION_FORMAT = dwarf;
				ENABLE_STRICT_OBJC_MSGSEND = YES;
				ENABLE_TESTABILITY = YES;
				GCC_C_LANGUAGE_STANDARD = gnu99;
				GCC_DYNAMIC_NO_PIC = NO;
				GCC_NO_COMMON_BLOCKS = YES;
				GCC_OPTIMIZATION_LEVEL = 0;
				GCC_PREPROCESSOR_DEFINITIONS = (
					"DEBUG=1",
					"$(inherited)",
				);
				GCC_WARN_64_TO_32_BIT_CONVERSION = YES;
				GCC_WARN_ABOUT_RETURN_TYPE = YES_ERROR;
				GCC_WARN_UNDECLARED_SELECTOR = YES;
				GCC_WARN_UNINITIALIZED_AUTOS = YES_AGGRESSIVE;
				GCC_WARN_UNUSED_FUNCTION = YES;
				GCC_WARN_UNUSED_VARIABLE = YES;
				IPHONEOS_DEPLOYMENT_TARGET = 10.3;
				MTL_ENABLE_DEBUG_INFO = YES;
				ONLY_ACTIVE_ARCH = YES;
				SDKROOT = iphoneos;
				SWIFT_ACTIVE_COMPILATION_CONDITIONS = DEBUG;
				SWIFT_OPTIMIZATION_LEVEL = "-Onone";
			};
			name = Debug;
		};
		405EF03F1F1DB13300203E9C /* Release */ = {
			isa = XCBuildConfiguration;
			buildSettings = {
				ALWAYS_SEARCH_USER_PATHS = NO;
				CLANG_ANALYZER_NONNULL = YES;
				CLANG_ANALYZER_NUMBER_OBJECT_CONVERSION = YES_AGGRESSIVE;
				CLANG_CXX_LANGUAGE_STANDARD = "gnu++0x";
				CLANG_CXX_LIBRARY = "libc++";
				CLANG_ENABLE_MODULES = YES;
				CLANG_ENABLE_OBJC_ARC = YES;
				CLANG_WARN_BOOL_CONVERSION = YES;
				CLANG_WARN_CONSTANT_CONVERSION = YES;
				CLANG_WARN_DIRECT_OBJC_ISA_USAGE = YES_ERROR;
				CLANG_WARN_DOCUMENTATION_COMMENTS = YES;
				CLANG_WARN_EMPTY_BODY = YES;
				CLANG_WARN_ENUM_CONVERSION = YES;
				CLANG_WARN_INFINITE_RECURSION = YES;
				CLANG_WARN_INT_CONVERSION = YES;
				CLANG_WARN_OBJC_ROOT_CLASS = YES_ERROR;
				CLANG_WARN_SUSPICIOUS_MOVE = YES;
				CLANG_WARN_UNREACHABLE_CODE = YES;
				CLANG_WARN__DUPLICATE_METHOD_MATCH = YES;
				"CODE_SIGN_IDENTITY[sdk=iphoneos*]" = "iPhone Developer";
				COPY_PHASE_STRIP = NO;
				DEBUG_INFORMATION_FORMAT = "dwarf-with-dsym";
				ENABLE_NS_ASSERTIONS = NO;
				ENABLE_STRICT_OBJC_MSGSEND = YES;
				GCC_C_LANGUAGE_STANDARD = gnu99;
				GCC_NO_COMMON_BLOCKS = YES;
				GCC_WARN_64_TO_32_BIT_CONVERSION = YES;
				GCC_WARN_ABOUT_RETURN_TYPE = YES_ERROR;
				GCC_WARN_UNDECLARED_SELECTOR = YES;
				GCC_WARN_UNINITIALIZED_AUTOS = YES_AGGRESSIVE;
				GCC_WARN_UNUSED_FUNCTION = YES;
				GCC_WARN_UNUSED_VARIABLE = YES;
				IPHONEOS_DEPLOYMENT_TARGET = 10.3;
				MTL_ENABLE_DEBUG_INFO = NO;
				SDKROOT = iphoneos;
				SWIFT_OPTIMIZATION_LEVEL = "-Owholemodule";
				VALIDATE_PRODUCT = YES;
			};
			name = Release;
		};
		405EF0411F1DB13300203E9C /* Debug */ = {
			isa = XCBuildConfiguration;
			buildSettings = {
				ASSETCATALOG_COMPILER_APPICON_NAME = AppIcon;
				DEVELOPMENT_TEAM = JE3XA243B8;
				INFOPLIST_FILE = XMessage/Info.plist;
				LD_RUNPATH_SEARCH_PATHS = "$(inherited) @executable_path/Frameworks";
				PRODUCT_BUNDLE_IDENTIFIER = com.MasB1ue.XMessage;
				PRODUCT_NAME = "$(TARGET_NAME)";
				SWIFT_VERSION = 3.0;
			};
			name = Debug;
		};
		405EF0421F1DB13300203E9C /* Release */ = {
			isa = XCBuildConfiguration;
			buildSettings = {
				ASSETCATALOG_COMPILER_APPICON_NAME = AppIcon;
				DEVELOPMENT_TEAM = JE3XA243B8;
				INFOPLIST_FILE = XMessage/Info.plist;
				LD_RUNPATH_SEARCH_PATHS = "$(inherited) @executable_path/Frameworks";
				PRODUCT_BUNDLE_IDENTIFIER = com.MasB1ue.XMessage;
				PRODUCT_NAME = "$(TARGET_NAME)";
				SWIFT_VERSION = 3.0;
			};
			name = Release;
		};
/* End XCBuildConfiguration section */

/* Begin XCConfigurationList section */
		405EF0291F1DB13200203E9C /* Build configuration list for PBXProject "XMessage" */ = {
			isa = XCConfigurationList;
			buildConfigurations = (
				405EF03E1F1DB13300203E9C /* Debug */,
				405EF03F1F1DB13300203E9C /* Release */,
			);
			defaultConfigurationIsVisible = 0;
			defaultConfigurationName = Release;
		};
		405EF0401F1DB13300203E9C /* Build configuration list for PBXNativeTarget "XMessage" */ = {
			isa = XCConfigurationList;
			buildConfigurations = (
				405EF0411F1DB13300203E9C /* Debug */,
				405EF0421F1DB13300203E9C /* Release */,
			);
			defaultConfigurationIsVisible = 0;
		};
/* End XCConfigurationList section */
	};
	rootObject = 405EF0261F1DB13200203E9C /* Project object */;
}
